
Microsoft Visual Studio Solution File, Format Version 12.00
# Visual Studio Version 17
VisualStudioVersion = 17.11.35222.181
MinimumVisualStudioVersion = 10.0.40219.1
Project("{FAE04EC0-301F-11D3-BF4B-00C04F79EFBC}") = "DllColor", "DllCveta\DllColor.csproj", "{38DB0F90-CE46-48A8-8A1E-AFD863C1CDA5}"
EndProject
Project("{FAE04EC0-301F-11D3-BF4B-00C04F79EFBC}") = "ColorDllTests", "ColorDllTests\ColorDllTests.csproj", "{7D645963-3B5F-4FB5-BBDA-FFDC37A4F69A}"
EndProject
Project("{FAE04EC0-301F-11D3-BF4B-00C04F79EFBC}") = "ExamplesUsingMethods", "ExamplesUsingMethods\ExamplesUsingMethods.csproj", "{78092F5C-25AF-4870-9B03-ED1FB7B9A4B1}"
EndProject
Global
	GlobalSection(SolutionConfigurationPlatforms) = preSolution
		Debug|Any CPU = Debug|Any CPU
		Release|Any CPU = Release|Any CPU
	EndGlobalSection
	GlobalSection(ProjectConfigurationPlatforms) = postSolution
		{38DB0F90-CE46-48A8-8A1E-AFD863C1CDA5}.Debug|Any CPU.ActiveCfg = Debug|Any CPU
		{38DB0F90-CE46-48A8-8A1E-AFD863C1CDA5}.Debug|Any CPU.Build.0 = Debug|Any CPU
		{38DB0F90-CE46-48A8-8A1E-AFD863C1CDA5}.Release|Any CPU.ActiveCfg = Release|Any CPU
		{38DB0F90-CE46-48A8-8A1E-AFD863C1CDA5}.Release|Any CPU.Build.0 = Release|Any CPU
		{7D645963-3B5F-4FB5-BBDA-FFDC37A4F69A}.Debug|Any CPU.ActiveCfg = Debug|Any CPU
		{7D645963-3B5F-4FB5-BBDA-FFDC37A4F69A}.Debug|Any CPU.Build.0 = Debug|Any CPU
		{7D645963-3B5F-4FB5-BBDA-FFDC37A4F69A}.Release|Any CPU.ActiveCfg = Release|Any CPU
		{7D645963-3B5F-4FB5-BBDA-FFDC37A4F69A}.Release|Any CPU.Build.0 = Release|Any CPU
		{78092F5C-25AF-4870-9B03-ED1FB7B9A4B1}.Debug|Any CPU.ActiveCfg = Debug|Any CPU
		{78092F5C-25AF-4870-9B03-ED1FB7B9A4B1}.Debug|Any CPU.Build.0 = Debug|Any CPU
		{78092F5C-25AF-4870-9B03-ED1FB7B9A4B1}.Release|Any CPU.ActiveCfg = Release|Any CPU
		{78092F5C-25AF-4870-9B03-ED1FB7B9A4B1}.Release|Any CPU.Build.0 = Release|Any CPU
	EndGlobalSection
	GlobalSection(SolutionProperties) = preSolution
		HideSolutionNode = FALSE
	EndGlobalSection
	GlobalSection(ExtensibilityGlobals) = postSolution
		SolutionGuid = {AB70D4D2-C7C7-437B-9FED-8275BD61E6FB}
	EndGlobalSection
EndGlobal
